
Microsoft Visual Studio Solution File, Format Version 12.00
# Visual Studio Version 17
VisualStudioVersion = 17.7.34024.191
MinimumVisualStudioVersion = 10.0.40219.1
Project("{FAE04EC0-301F-11D3-BF4B-00C04F79EFBC}") = "лаб1(3)", "лаб1(3).csproj", "{C1DAFDCE-39A0-4196-879D-DE7582DA4157}"
EndProject
Global
	GlobalSection(SolutionConfigurationPlatforms) = preSolution
		Debug|Any CPU = Debug|Any CPU
		Release|Any CPU = Release|Any CPU
	EndGlobalSection
	GlobalSection(ProjectConfigurationPlatforms) = postSolution
		{C1DAFDCE-39A0-4196-879D-DE7582DA4157}.Debug|Any CPU.ActiveCfg = Debug|Any CPU
		{C1DAFDCE-39A0-4196-879D-DE7582DA4157}.Debug|Any CPU.Build.0 = Debug|Any CPU
		{C1DAFDCE-39A0-4196-879D-DE7582DA4157}.Release|Any CPU.ActiveCfg = Release|Any CPU
		{C1DAFDCE-39A0-4196-879D-DE7582DA4157}.Release|Any CPU.Build.0 = Release|Any CPU
	EndGlobalSection
	GlobalSection(SolutionProperties) = preSolution
		HideSolutionNode = FALSE
	EndGlobalSection
	GlobalSection(ExtensibilityGlobals) = postSolution
		SolutionGuid = {3FD3F0F9-2E3C-4D2C-831F-4A6032F5CFEA}
	EndGlobalSection
EndGlobal
